
Microsoft Visual Studio Solution File, Format Version 12.00
# Visual Studio Version 17
VisualStudioVersion = 17.14.36109.1 d17.14
MinimumVisualStudioVersion = 10.0.40219.1
Project("{FAE04EC0-301F-11D3-BF4B-00C04F79EFBC}") = "FlagQuiz", "Тема 6 Лера\FlagQuiz.csproj", "{29A8F007-5547-47DF-9AF8-00B4F39C2286}"
EndProject
Global
	GlobalSection(SolutionConfigurationPlatforms) = preSolution
		Debug|Any CPU = Debug|Any CPU
		Release|Any CPU = Release|Any CPU
	EndGlobalSection
	GlobalSection(ProjectConfigurationPlatforms) = postSolution
		{29A8F007-5547-47DF-9AF8-00B4F39C2286}.Debug|Any CPU.ActiveCfg = Debug|Any CPU
		{29A8F007-5547-47DF-9AF8-00B4F39C2286}.Debug|Any CPU.Build.0 = Debug|Any CPU
		{29A8F007-5547-47DF-9AF8-00B4F39C2286}.Release|Any CPU.ActiveCfg = Release|Any CPU
		{29A8F007-5547-47DF-9AF8-00B4F39C2286}.Release|Any CPU.Build.0 = Release|Any CPU
	EndGlobalSection
	GlobalSection(SolutionProperties) = preSolution
		HideSolutionNode = FALSE
	EndGlobalSection
	GlobalSection(ExtensibilityGlobals) = postSolution
		SolutionGuid = {12834CF0-3238-40EA-829C-37C203BB5108}
	EndGlobalSection
EndGlobal
